
Microsoft Visual Studio Solution File, Format Version 12.00
# Visual Studio Version 17
VisualStudioVersion = 17.8.34316.72
MinimumVisualStudioVersion = 10.0.40219.1
Project("{9A19103F-16F7-4668-BE54-9A1E7A4F7556}") = "001-C#", "001-C#\001-C#.csproj", "{7610AAFC-12EB-4143-99C8-2B953A024A94}"
EndProject
Project("{9A19103F-16F7-4668-BE54-9A1E7A4F7556}") = "002-C#(Operatorlar)", "002-C#(Operatorlar)\002-C#(Operatorlar).csproj", "{3EDC9044-A5CF-435E-A5D5-1A7D5DF4732D}"
EndProject
Project("{9A19103F-16F7-4668-BE54-9A1E7A4F7556}") = "Massiv", "Massiv\Massiv.csproj", "{1ECB7697-B79E-4744-A5BA-65C0357955B8}"
EndProject
Project("{9A19103F-16F7-4668-BE54-9A1E7A4F7556}") = "OOP", "OOP\OOP.csproj", "{ADCF0C66-0DB7-48A0-ABBE-08081BEDFA34}"
EndProject
Project("{9A19103F-16F7-4668-BE54-9A1E7A4F7556}") = "AstrumMarketBot", "AstrumMarketBot\AstrumMarketBot.csproj", "{1074744B-B7ED-4529-8AC9-385B3A957EC1}"
EndProject
Project("{9A19103F-16F7-4668-BE54-9A1E7A4F7556}") = "OOP2", "OOP2\OOP2.csproj", "{C9A5EE3B-B22C-4681-A585-845737BB16A5}"
EndProject
Project("{9A19103F-16F7-4668-BE54-9A1E7A4F7556}") = "c# practice", "c# practice\c# practice.csproj", "{78789901-65EB-4D12-8DFB-E1BF6A843553}"
EndProject
Project("{9A19103F-16F7-4668-BE54-9A1E7A4F7556}") = "LibraryManagament", "LibraryManagament\LibraryManagament.csproj", "{DBD17197-3EC9-4F3B-B169-948094950FBC}"
EndProject
Project("{9A19103F-16F7-4668-BE54-9A1E7A4F7556}") = "Collections-1", "Collections-1\Collections-1.csproj", "{DF4EA635-729E-45FC-A26E-AC539F9BD226}"
EndProject
Project("{9A19103F-16F7-4668-BE54-9A1E7A4F7556}") = "Menu", "Menu\Menu.csproj", "{5EC91B05-4E3D-438A-8241-BF370F726878}"
EndProject
Project("{9A19103F-16F7-4668-BE54-9A1E7A4F7556}") = "OOP-3-Abstractions", "OOP-3-Abstractions\OOP-3-Abstractions.csproj", "{65D46883-ED07-42B7-AD94-DFE94EE44AE5}"
EndProject
Project("{9A19103F-16F7-4668-BE54-9A1E7A4F7556}") = "ProductCRUD", "ProductCRUD\ProductCRUD.csproj", "{7B58FAB7-2073-4D9B-AC99-A19CCE94B10B}"
EndProject
Project("{9A19103F-16F7-4668-BE54-9A1E7A4F7556}") = "Collections-2", "Collections-2\Collections-2.csproj", "{D0EB404F-BA29-41E1-9DD7-46C1C23F7FE4}"
EndProject
Project("{9A19103F-16F7-4668-BE54-9A1E7A4F7556}") = "Tuple", "Tuple\Tuple.csproj", "{FF32E12A-C570-4AE1-AFA2-A1EB71AA2B28}"
EndProject
Project("{9A19103F-16F7-4668-BE54-9A1E7A4F7556}") = "Date", "Date\Date.csproj", "{8269D4C5-B30F-4EC2-9271-CF195644C287}"
EndProject
Project("{9A19103F-16F7-4668-BE54-9A1E7A4F7556}") = "Delegates", "Delegates\Delegates.csproj", "{E19FCD2D-2A3F-443F-95A6-049A6830801B}"
EndProject
Project("{9A19103F-16F7-4668-BE54-9A1E7A4F7556}") = "CRUD", "CRUD\CRUD.csproj", "{E8B0A6F2-3B3F-4A63-AF65-9749890F73CC}"
EndProject
Project("{9A19103F-16F7-4668-BE54-9A1E7A4F7556}") = "Nimadur", "Nimadur\Nimadur.csproj", "{D157922D-1668-44DC-A1BA-9701FC8A22A0}"
EndProject
Project("{9A19103F-16F7-4668-BE54-9A1E7A4F7556}") = "Exceptions", "Exceptions\Exceptions.csproj", "{5D4B90C8-BD3C-40A6-B443-160F81B29590}"
EndProject
Project("{9A19103F-16F7-4668-BE54-9A1E7A4F7556}") = "File va FileInfo", "File va FileInfo\File va FileInfo.csproj", "{2599ADAB-E0C5-4926-9C1D-959F76B8E017}"
EndProject
Project("{9A19103F-16F7-4668-BE54-9A1E7A4F7556}") = "CRUDWithFile", "CRUDWithFile\CRUDWithFile.csproj", "{59FBC3ED-362F-4F9F-A660-7D69D5C23B2E}"
EndProject
Project("{9A19103F-16F7-4668-BE54-9A1E7A4F7556}") = "JSON", "JSON\JSON.csproj", "{1814835D-15E1-49F3-BE4F-F67829C7C5A1}"
EndProject
Project("{9A19103F-16F7-4668-BE54-9A1E7A4F7556}") = "GenericCRUD", "GenericCRUD\GenericCRUD.csproj", "{D45E3DAA-0B9C-45ED-AB3F-CC633177DC79}"
EndProject
Project("{FAE04EC0-301F-11D3-BF4B-00C04F79EFBC}") = "Drive, Directory, Path", "Drive, Directory, Path\Drive, Directory, Path.csproj", "{8EF1D5BA-3DC7-428F-A865-A6FFA283B216}"
EndProject
Global
	GlobalSection(SolutionConfigurationPlatforms) = preSolution
		Debug|Any CPU = Debug|Any CPU
		Release|Any CPU = Release|Any CPU
	EndGlobalSection
	GlobalSection(ProjectConfigurationPlatforms) = postSolution
		{7610AAFC-12EB-4143-99C8-2B953A024A94}.Debug|Any CPU.ActiveCfg = Debug|Any CPU
		{7610AAFC-12EB-4143-99C8-2B953A024A94}.Debug|Any CPU.Build.0 = Debug|Any CPU
		{7610AAFC-12EB-4143-99C8-2B953A024A94}.Release|Any CPU.ActiveCfg = Release|Any CPU
		{7610AAFC-12EB-4143-99C8-2B953A024A94}.Release|Any CPU.Build.0 = Release|Any CPU
		{3EDC9044-A5CF-435E-A5D5-1A7D5DF4732D}.Debug|Any CPU.ActiveCfg = Debug|Any CPU
		{3EDC9044-A5CF-435E-A5D5-1A7D5DF4732D}.Debug|Any CPU.Build.0 = Debug|Any CPU
		{3EDC9044-A5CF-435E-A5D5-1A7D5DF4732D}.Release|Any CPU.ActiveCfg = Release|Any CPU
		{3EDC9044-A5CF-435E-A5D5-1A7D5DF4732D}.Release|Any CPU.Build.0 = Release|Any CPU
		{1ECB7697-B79E-4744-A5BA-65C0357955B8}.Debug|Any CPU.ActiveCfg = Debug|Any CPU
		{1ECB7697-B79E-4744-A5BA-65C0357955B8}.Debug|Any CPU.Build.0 = Debug|Any CPU
		{1ECB7697-B79E-4744-A5BA-65C0357955B8}.Release|Any CPU.ActiveCfg = Release|Any CPU
		{1ECB7697-B79E-4744-A5BA-65C0357955B8}.Release|Any CPU.Build.0 = Release|Any CPU
		{ADCF0C66-0DB7-48A0-ABBE-08081BEDFA34}.Debug|Any CPU.ActiveCfg = Debug|Any CPU
		{ADCF0C66-0DB7-48A0-ABBE-08081BEDFA34}.Debug|Any CPU.Build.0 = Debug|Any CPU
		{ADCF0C66-0DB7-48A0-ABBE-08081BEDFA34}.Release|Any CPU.ActiveCfg = Release|Any CPU
		{ADCF0C66-0DB7-48A0-ABBE-08081BEDFA34}.Release|Any CPU.Build.0 = Release|Any CPU
		{1074744B-B7ED-4529-8AC9-385B3A957EC1}.Debug|Any CPU.ActiveCfg = Debug|Any CPU
		{1074744B-B7ED-4529-8AC9-385B3A957EC1}.Debug|Any CPU.Build.0 = Debug|Any CPU
		{1074744B-B7ED-4529-8AC9-385B3A957EC1}.Release|Any CPU.ActiveCfg = Release|Any CPU
		{1074744B-B7ED-4529-8AC9-385B3A957EC1}.Release|Any CPU.Build.0 = Release|Any CPU
		{C9A5EE3B-B22C-4681-A585-845737BB16A5}.Debug|Any CPU.ActiveCfg = Debug|Any CPU
		{C9A5EE3B-B22C-4681-A585-845737BB16A5}.Debug|Any CPU.Build.0 = Debug|Any CPU
		{C9A5EE3B-B22C-4681-A585-845737BB16A5}.Release|Any CPU.ActiveCfg = Release|Any CPU
		{C9A5EE3B-B22C-4681-A585-845737BB16A5}.Release|Any CPU.Build.0 = Release|Any CPU
		{78789901-65EB-4D12-8DFB-E1BF6A843553}.Debug|Any CPU.ActiveCfg = Debug|Any CPU
		{78789901-65EB-4D12-8DFB-E1BF6A843553}.Debug|Any CPU.Build.0 = Debug|Any CPU
		{78789901-65EB-4D12-8DFB-E1BF6A843553}.Release|Any CPU.ActiveCfg = Release|Any CPU
		{78789901-65EB-4D12-8DFB-E1BF6A843553}.Release|Any CPU.Build.0 = Release|Any CPU
		{DBD17197-3EC9-4F3B-B169-948094950FBC}.Debug|Any CPU.ActiveCfg = Debug|Any CPU
		{DBD17197-3EC9-4F3B-B169-948094950FBC}.Debug|Any CPU.Build.0 = Debug|Any CPU
		{DBD17197-3EC9-4F3B-B169-948094950FBC}.Release|Any CPU.ActiveCfg = Release|Any CPU
		{DBD17197-3EC9-4F3B-B169-948094950FBC}.Release|Any CPU.Build.0 = Release|Any CPU
		{DF4EA635-729E-45FC-A26E-AC539F9BD226}.Debug|Any CPU.ActiveCfg = Debug|Any CPU
		{DF4EA635-729E-45FC-A26E-AC539F9BD226}.Debug|Any CPU.Build.0 = Debug|Any CPU
		{DF4EA635-729E-45FC-A26E-AC539F9BD226}.Release|Any CPU.ActiveCfg = Release|Any CPU
		{DF4EA635-729E-45FC-A26E-AC539F9BD226}.Release|Any CPU.Build.0 = Release|Any CPU
		{5EC91B05-4E3D-438A-8241-BF370F726878}.Debug|Any CPU.ActiveCfg = Debug|Any CPU
		{5EC91B05-4E3D-438A-8241-BF370F726878}.Debug|Any CPU.Build.0 = Debug|Any CPU
		{5EC91B05-4E3D-438A-8241-BF370F726878}.Release|Any CPU.ActiveCfg = Release|Any CPU
		{5EC91B05-4E3D-438A-8241-BF370F726878}.Release|Any CPU.Build.0 = Release|Any CPU
		{65D46883-ED07-42B7-AD94-DFE94EE44AE5}.Debug|Any CPU.ActiveCfg = Debug|Any CPU
		{65D46883-ED07-42B7-AD94-DFE94EE44AE5}.Debug|Any CPU.Build.0 = Debug|Any CPU
		{65D46883-ED07-42B7-AD94-DFE94EE44AE5}.Release|Any CPU.ActiveCfg = Release|Any CPU
		{65D46883-ED07-42B7-AD94-DFE94EE44AE5}.Release|Any CPU.Build.0 = Release|Any CPU
		{7B58FAB7-2073-4D9B-AC99-A19CCE94B10B}.Debug|Any CPU.ActiveCfg = Debug|Any CPU
		{7B58FAB7-2073-4D9B-AC99-A19CCE94B10B}.Debug|Any CPU.Build.0 = Debug|Any CPU
		{7B58FAB7-2073-4D9B-AC99-A19CCE94B10B}.Release|Any CPU.ActiveCfg = Release|Any CPU
		{7B58FAB7-2073-4D9B-AC99-A19CCE94B10B}.Release|Any CPU.Build.0 = Release|Any CPU
		{D0EB404F-BA29-41E1-9DD7-46C1C23F7FE4}.Debug|Any CPU.ActiveCfg = Debug|Any CPU
		{D0EB404F-BA29-41E1-9DD7-46C1C23F7FE4}.Debug|Any CPU.Build.0 = Debug|Any CPU
		{D0EB404F-BA29-41E1-9DD7-46C1C23F7FE4}.Release|Any CPU.ActiveCfg = Release|Any CPU
		{D0EB404F-BA29-41E1-9DD7-46C1C23F7FE4}.Release|Any CPU.Build.0 = Release|Any CPU
		{FF32E12A-C570-4AE1-AFA2-A1EB71AA2B28}.Debug|Any CPU.ActiveCfg = Debug|Any CPU
		{FF32E12A-C570-4AE1-AFA2-A1EB71AA2B28}.Debug|Any CPU.Build.0 = Debug|Any CPU
		{FF32E12A-C570-4AE1-AFA2-A1EB71AA2B28}.Release|Any CPU.ActiveCfg = Release|Any CPU
		{FF32E12A-C570-4AE1-AFA2-A1EB71AA2B28}.Release|Any CPU.Build.0 = Release|Any CPU
		{8269D4C5-B30F-4EC2-9271-CF195644C287}.Debug|Any CPU.ActiveCfg = Debug|Any CPU
		{8269D4C5-B30F-4EC2-9271-CF195644C287}.Debug|Any CPU.Build.0 = Debug|Any CPU
		{8269D4C5-B30F-4EC2-9271-CF195644C287}.Release|Any CPU.ActiveCfg = Release|Any CPU
		{8269D4C5-B30F-4EC2-9271-CF195644C287}.Release|Any CPU.Build.0 = Release|Any CPU
		{E19FCD2D-2A3F-443F-95A6-049A6830801B}.Debug|Any CPU.ActiveCfg = Debug|Any CPU
		{E19FCD2D-2A3F-443F-95A6-049A6830801B}.Debug|Any CPU.Build.0 = Debug|Any CPU
		{E19FCD2D-2A3F-443F-95A6-049A6830801B}.Release|Any CPU.ActiveCfg = Release|Any CPU
		{E19FCD2D-2A3F-443F-95A6-049A6830801B}.Release|Any CPU.Build.0 = Release|Any CPU
		{E8B0A6F2-3B3F-4A63-AF65-9749890F73CC}.Debug|Any CPU.ActiveCfg = Debug|Any CPU
		{E8B0A6F2-3B3F-4A63-AF65-9749890F73CC}.Debug|Any CPU.Build.0 = Debug|Any CPU
		{E8B0A6F2-3B3F-4A63-AF65-9749890F73CC}.Release|Any CPU.ActiveCfg = Release|Any CPU
		{E8B0A6F2-3B3F-4A63-AF65-9749890F73CC}.Release|Any CPU.Build.0 = Release|Any CPU
		{D157922D-1668-44DC-A1BA-9701FC8A22A0}.Debug|Any CPU.ActiveCfg = Debug|Any CPU
		{D157922D-1668-44DC-A1BA-9701FC8A22A0}.Debug|Any CPU.Build.0 = Debug|Any CPU
		{D157922D-1668-44DC-A1BA-9701FC8A22A0}.Release|Any CPU.ActiveCfg = Release|Any CPU
		{D157922D-1668-44DC-A1BA-9701FC8A22A0}.Release|Any CPU.Build.0 = Release|Any CPU
		{5D4B90C8-BD3C-40A6-B443-160F81B29590}.Debug|Any CPU.ActiveCfg = Debug|Any CPU
		{5D4B90C8-BD3C-40A6-B443-160F81B29590}.Debug|Any CPU.Build.0 = Debug|Any CPU
		{5D4B90C8-BD3C-40A6-B443-160F81B29590}.Release|Any CPU.ActiveCfg = Release|Any CPU
		{5D4B90C8-BD3C-40A6-B443-160F81B29590}.Release|Any CPU.Build.0 = Release|Any CPU
		{2599ADAB-E0C5-4926-9C1D-959F76B8E017}.Debug|Any CPU.ActiveCfg = Debug|Any CPU
		{2599ADAB-E0C5-4926-9C1D-959F76B8E017}.Debug|Any CPU.Build.0 = Debug|Any CPU
		{2599ADAB-E0C5-4926-9C1D-959F76B8E017}.Release|Any CPU.ActiveCfg = Release|Any CPU
		{2599ADAB-E0C5-4926-9C1D-959F76B8E017}.Release|Any CPU.Build.0 = Release|Any CPU
		{59FBC3ED-362F-4F9F-A660-7D69D5C23B2E}.Debug|Any CPU.ActiveCfg = Debug|Any CPU
		{59FBC3ED-362F-4F9F-A660-7D69D5C23B2E}.Debug|Any CPU.Build.0 = Debug|Any CPU
		{59FBC3ED-362F-4F9F-A660-7D69D5C23B2E}.Release|Any CPU.ActiveCfg = Release|Any CPU
		{59FBC3ED-362F-4F9F-A660-7D69D5C23B2E}.Release|Any CPU.Build.0 = Release|Any CPU
		{1814835D-15E1-49F3-BE4F-F67829C7C5A1}.Debug|Any CPU.ActiveCfg = Debug|Any CPU
		{1814835D-15E1-49F3-BE4F-F67829C7C5A1}.Debug|Any CPU.Build.0 = Debug|Any CPU
		{1814835D-15E1-49F3-BE4F-F67829C7C5A1}.Release|Any CPU.ActiveCfg = Release|Any CPU
		{1814835D-15E1-49F3-BE4F-F67829C7C5A1}.Release|Any CPU.Build.0 = Release|Any CPU
		{D45E3DAA-0B9C-45ED-AB3F-CC633177DC79}.Debug|Any CPU.ActiveCfg = Debug|Any CPU
		{D45E3DAA-0B9C-45ED-AB3F-CC633177DC79}.Debug|Any CPU.Build.0 = Debug|Any CPU
		{D45E3DAA-0B9C-45ED-AB3F-CC633177DC79}.Release|Any CPU.ActiveCfg = Release|Any CPU
		{D45E3DAA-0B9C-45ED-AB3F-CC633177DC79}.Release|Any CPU.Build.0 = Release|Any CPU
		{8EF1D5BA-3DC7-428F-A865-A6FFA283B216}.Debug|Any CPU.ActiveCfg = Debug|Any CPU
		{8EF1D5BA-3DC7-428F-A865-A6FFA283B216}.Debug|Any CPU.Build.0 = Debug|Any CPU
		{8EF1D5BA-3DC7-428F-A865-A6FFA283B216}.Release|Any CPU.ActiveCfg = Release|Any CPU
		{8EF1D5BA-3DC7-428F-A865-A6FFA283B216}.Release|Any CPU.Build.0 = Release|Any CPU
	EndGlobalSection
	GlobalSection(SolutionProperties) = preSolution
		HideSolutionNode = FALSE
	EndGlobalSection
	GlobalSection(ExtensibilityGlobals) = postSolution
		SolutionGuid = {F35DC2FE-D7E6-4583-A5D4-C170C12F3F3E}
	EndGlobalSection
EndGlobal
